# This file is automatically @generated by Cargo.
# It is not intended for manual editing.
version = 4

[[package]]
name = "cf_use_after_finish_item"
version = "0.1.0"
dependencies = [
 "rustdv",
]

[[package]]
name = "rustdv"
version = "0.2.0"
dependencies = [
 "rustdv-gpi",
 "rustdv-macros",
 "rustdv-methodology",
 "rustdv-runner",
 "rustdv-sim",
]

[[package]]
name = "rustdv-gpi"
version = "0.2.0"
dependencies = [
 "rustdv-gpi-sys",
]

[[package]]
name = "rustdv-gpi-sys"
version = "0.2.0"

[[package]]
name = "rustdv-macros"
version = "0.2.0"

[[package]]
name = "rustdv-methodology"
version = "0.2.0"
dependencies = [
 "rustdv-sim",
]

[[package]]
name = "rustdv-runner"
version = "0.2.0"
dependencies = [
 "rustdv-gpi",
 "rustdv-methodology",
 "rustdv-sim",
]

[[package]]
name = "rustdv-sim"
version = "0.2.0"
dependencies = [
 "rustdv-gpi",
]
