# This file is automatically @generated by Cargo.
# It is not intended for manual editing.
version = 4

[[package]]
name = "ch01_why_rust"
version = "0.1.0"

[[package]]
name = "ch02_rust_concepts"
version = "0.1.0"

[[package]]
name = "ch03_rust_basics"
version = "0.1.0"

[[package]]
name = "ch04_conditions_loops_match"
version = "0.1.0"

[[package]]
name = "ch05_ownership"
version = "0.1.0"

[[package]]
name = "ch06_borrowing_references"
version = "0.1.0"

[[package]]
name = "ch07_structs_enums_methods"
version = "0.1.0"

[[package]]
name = "ch08_collections"
version = "0.1.0"

[[package]]
name = "ch09_result_option_exceptions"
version = "0.1.0"

[[package]]
name = "ch10_traits"
version = "0.1.0"

[[package]]
name = "ch11_generics"
version = "0.1.0"

[[package]]
name = "ch12_closures_iterators"
version = "0.1.0"

[[package]]
name = "ch13_smart_pointers"
version = "0.1.0"

[[package]]
name = "ch14_modules_crates_cargo"
version = "0.1.0"

[[package]]
name = "ch15_async_await_executor"
version = "0.1.0"
dependencies = [
 "rustdv",
]

[[package]]
name = "ch16_tasks_queues"
version = "0.1.0"
dependencies = [
 "rustdv",
]

[[package]]
name = "ch17_simulating_with_rustdv_sim"
version = "0.1.0"
dependencies = [
 "rustdv",
]

[[package]]
name = "ch18_basic_testbench_1_0"
version = "0.1.0"
dependencies = [
 "rustdv",
]

[[package]]
name = "ch19_tinyalubfm"
version = "0.1.0"
dependencies = [
 "rustdv",
 "tinyalu_utils",
]

[[package]]
name = "ch20_struct_based_testbench_2_0"
version = "0.1.0"
dependencies = [
 "rustdv",
 "tinyalu_utils",
]

[[package]]
name = "ch21_macros"
version = "0.1.0"

[[package]]
name = "ch23_uvm_test_testbench_3_0"
version = "0.1.0"
dependencies = [
 "rustdv",
 "tinyalu_utils",
]

[[package]]
name = "ch24_components"
version = "0.1.0"
dependencies = [
 "rustdv",
]

[[package]]
name = "ch25_uvm_env_testbench_4_0"
version = "0.1.0"
dependencies = [
 "rustdv",
 "tinyalu_utils",
]

[[package]]
name = "ch26_logging"
version = "0.1.0"
dependencies = [
 "rustdv",
]

[[package]]
name = "ch27_configuration"
version = "0.1.0"
dependencies = [
 "rustdv",
]

[[package]]
name = "ch28_config_debugging"
version = "0.1.0"

[[package]]
name = "ch29_factory"
version = "0.1.0"
dependencies = [
 "rustdv",
]

[[package]]
name = "ch30_variation_point_testbench_5_0"
version = "0.1.0"
dependencies = [
 "rustdv",
 "tinyalu_utils",
]

[[package]]
name = "ch31_component_communications"
version = "0.1.0"
dependencies = [
 "rustdv",
]

[[package]]
name = "ch32_analysis_ports"
version = "0.1.0"
dependencies = [
 "rustdv",
 "tinyalu_utils",
]

[[package]]
name = "ch34_connections_testbench_6_0"
version = "0.1.0"
dependencies = [
 "rustdv",
 "tinyalu_utils",
]

[[package]]
name = "ch35_transactions"
version = "0.1.0"

[[package]]
name = "ch36_sequence_testbench_7_0"
version = "0.1.0"
dependencies = [
 "rustdv",
 "tinyalu_utils",
]

[[package]]
name = "ch37_fibonacci_testbench_7_1"
version = "0.1.0"
dependencies = [
 "rustdv",
 "tinyalu_utils",
]

[[package]]
name = "ch38_get_response_testbench_7_2"
version = "0.1.0"
dependencies = [
 "rustdv",
 "tinyalu_utils",
]

[[package]]
name = "ch39_virtual_sequence_testbench_8_0"
version = "0.1.0"
dependencies = [
 "rustdv",
 "tinyalu_utils",
]

[[package]]
name = "rustdv"
version = "0.1.0"
dependencies = [
 "rustdv-gpi",
 "rustdv-macros",
 "rustdv-runner",
 "rustdv-sim",
 "rustdv-uvm",
]

[[package]]
name = "rustdv-gpi"
version = "0.1.0"
dependencies = [
 "rustdv-gpi-sys",
]

[[package]]
name = "rustdv-gpi-sys"
version = "0.1.0"

[[package]]
name = "rustdv-macros"
version = "0.1.0"

[[package]]
name = "rustdv-runner"
version = "0.1.0"
dependencies = [
 "rustdv-gpi",
 "rustdv-sim",
 "rustdv-uvm",
]

[[package]]
name = "rustdv-sim"
version = "0.1.0"
dependencies = [
 "rustdv-gpi",
]

[[package]]
name = "rustdv-uvm"
version = "0.1.0"
dependencies = [
 "rustdv-sim",
]

[[package]]
name = "tinyalu_utils"
version = "0.1.0"
dependencies = [
 "rustdv",
]
