# This file is automatically @generated by Cargo.
# It is not intended for manual editing.
version = 4

[[package]]
name = "ch01_why_rust"
version = "0.1.0"

[[package]]
name = "ch02_rust_concepts"
version = "0.1.0"

[[package]]
name = "ch03_rust_basics"
version = "0.1.0"

[[package]]
name = "ch04_conditions_loops_match"
version = "0.1.0"

[[package]]
name = "ch05_ownership"
version = "0.1.0"

[[package]]
name = "ch06_borrowing_references"
version = "0.1.0"

[[package]]
name = "ch07_structs_enums_methods"
version = "0.1.0"

[[package]]
name = "ch08_collections"
version = "0.1.0"

[[package]]
name = "ch09_result_option_exceptions"
version = "0.1.0"

[[package]]
name = "ch10_traits"
version = "0.1.0"

[[package]]
name = "ch11_generics"
version = "0.1.0"

[[package]]
name = "ch12_closures_iterators"
version = "0.1.0"

[[package]]
name = "ch13_smart_pointers"
version = "0.1.0"

[[package]]
name = "ch14_modules_crates_cargo"
version = "0.1.0"
